
Microsoft Visual Studio Solution File, Format Version 12.00
# Visual Studio Version 16
VisualStudioVersion = 16.0.31112.23
MinimumVisualStudioVersion = 10.0.40219.1
Project("{9A19103F-16F7-4668-BE54-9A1E7A4F7556}") = "TS_console", "TabuSearch\TS_console.csproj", "{DE81DAD4-34E1-4D39-89FC-7A3A44A0AC9A}"
EndProject
Project("{9A19103F-16F7-4668-BE54-9A1E7A4F7556}") = "Engine", "Engine\Engine.csproj", "{D0081A55-6F16-4EE4-A646-D716334C6EE0}"
EndProject
Project("{FAE04EC0-301F-11D3-BF4B-00C04F79EFBC}") = "TS_DifferenceStarting", "TS_Difference\TS_DifferenceStarting.csproj", "{FCF27BAE-D06C-4217-AF46-8C7094287CEA}"
EndProject
Project("{FAE04EC0-301F-11D3-BF4B-00C04F79EFBC}") = "TS_DifferenceMethod", "TS_DifferenceMethod\TS_DifferenceMethod.csproj", "{5ADA63DE-892D-48CE-ABC0-A0EE458C3E02}"
EndProject
Global
	GlobalSection(SolutionConfigurationPlatforms) = preSolution
		Debug|Any CPU = Debug|Any CPU
		Release|Any CPU = Release|Any CPU
	EndGlobalSection
	GlobalSection(ProjectConfigurationPlatforms) = postSolution
		{DE81DAD4-34E1-4D39-89FC-7A3A44A0AC9A}.Debug|Any CPU.ActiveCfg = Debug|Any CPU
		{DE81DAD4-34E1-4D39-89FC-7A3A44A0AC9A}.Debug|Any CPU.Build.0 = Debug|Any CPU
		{DE81DAD4-34E1-4D39-89FC-7A3A44A0AC9A}.Release|Any CPU.ActiveCfg = Release|Any CPU
		{DE81DAD4-34E1-4D39-89FC-7A3A44A0AC9A}.Release|Any CPU.Build.0 = Release|Any CPU
		{D0081A55-6F16-4EE4-A646-D716334C6EE0}.Debug|Any CPU.ActiveCfg = Debug|Any CPU
		{D0081A55-6F16-4EE4-A646-D716334C6EE0}.Debug|Any CPU.Build.0 = Debug|Any CPU
		{D0081A55-6F16-4EE4-A646-D716334C6EE0}.Release|Any CPU.ActiveCfg = Release|Any CPU
		{D0081A55-6F16-4EE4-A646-D716334C6EE0}.Release|Any CPU.Build.0 = Release|Any CPU
		{FCF27BAE-D06C-4217-AF46-8C7094287CEA}.Debug|Any CPU.ActiveCfg = Debug|Any CPU
		{FCF27BAE-D06C-4217-AF46-8C7094287CEA}.Debug|Any CPU.Build.0 = Debug|Any CPU
		{FCF27BAE-D06C-4217-AF46-8C7094287CEA}.Release|Any CPU.ActiveCfg = Release|Any CPU
		{FCF27BAE-D06C-4217-AF46-8C7094287CEA}.Release|Any CPU.Build.0 = Release|Any CPU
		{5ADA63DE-892D-48CE-ABC0-A0EE458C3E02}.Debug|Any CPU.ActiveCfg = Debug|Any CPU
		{5ADA63DE-892D-48CE-ABC0-A0EE458C3E02}.Debug|Any CPU.Build.0 = Debug|Any CPU
		{5ADA63DE-892D-48CE-ABC0-A0EE458C3E02}.Release|Any CPU.ActiveCfg = Release|Any CPU
		{5ADA63DE-892D-48CE-ABC0-A0EE458C3E02}.Release|Any CPU.Build.0 = Release|Any CPU
	EndGlobalSection
	GlobalSection(SolutionProperties) = preSolution
		HideSolutionNode = FALSE
	EndGlobalSection
	GlobalSection(ExtensibilityGlobals) = postSolution
		SolutionGuid = {96F6376D-52D3-4B62-BE2B-A3393DBE3EAC}
	EndGlobalSection
EndGlobal
